{
  "name": "example",
  "version": "0.1.0",
  "lockfileVersion": 1,
  "requires": true,
  "dependencies": {
    "@aws-cdk/assets": {
      "version": "1.59.0",
      "resolved": "https://registry.npmjs.org/@aws-cdk/assets/-/assets-1.59.0.tgz",
      "integrity": "sha512-CKkySASphv4kyszBYthKqSO9wiSBWRJc7woHM7+i1fy3pOGeUoyaHl/CpUyU/sT1eWmtOmGzMm0bI53vumH4ZQ==",
      "requires": {
        "@aws-cdk/core": "1.59.0",
        "@aws-cdk/cx-api": "1.59.0",
        "constructs": "^3.0.2"
      }
    },
    "@aws-cdk/aws-applicationautoscaling": {
      "version": "1.59.0",
      "resolved": "https://registry.npmjs.org/@aws-cdk/aws-applicationautoscaling/-/aws-applicationautoscaling-1.59.0.tgz",
      "integrity": "sha512-LdHqp9DPuH0i7K0873dvbf9/JG60LjuIbX+lynhvI6/0tokKtlTiZIegutMrH2Ck+ex6EHnnIgSgRHJ3whN3MA==",
      "requires": {
        "@aws-cdk/aws-autoscaling-common": "1.59.0",
        "@aws-cdk/aws-cloudwatch": "1.59.0",
        "@aws-cdk/aws-iam": "1.59.0",
        "@aws-cdk/core": "1.59.0",
        "constructs": "^3.0.2"
      }
    },
    "@aws-cdk/aws-autoscaling-common": {
      "version": "1.59.0",
      "resolved": "https://registry.npmjs.org/@aws-cdk/aws-autoscaling-common/-/aws-autoscaling-common-1.59.0.tgz",
      "integrity": "sha512-15HHOkZapAFctHfcNoMjjyA/yzDFVGpo18ce9kvB0GLDpexGjk/am4WCfrGXwUkUUDl1h5G4sNb9SrqtSDFeNA==",
      "requires": {
        "@aws-cdk/aws-iam": "1.59.0",
        "@aws-cdk/core": "1.59.0",
        "constructs": "^3.0.2"
      }
    },
    "@aws-cdk/aws-certificatemanager": {
      "version": "1.59.0",
      "resolved": "https://registry.npmjs.org/@aws-cdk/aws-certificatemanager/-/aws-certificatemanager-1.59.0.tgz",
      "integrity": "sha512-IyUG8vQM2Nat8m6Yp+v5k+WtnDRJQPSmRNNwEasnztgCy1GD5Xc+zZRKBq1qwPRzFo2eO/YryBXQl/c6Nz9Jgw==",
      "requires": {
        "@aws-cdk/aws-iam": "1.59.0",
        "@aws-cdk/aws-lambda": "1.59.0",
        "@aws-cdk/aws-route53": "1.59.0",
        "@aws-cdk/core": "1.59.0",
        "constructs": "^3.0.2"
      }
    },
    "@aws-cdk/aws-cloudfront": {
      "version": "1.59.0",
      "resolved": "https://registry.npmjs.org/@aws-cdk/aws-cloudfront/-/aws-cloudfront-1.59.0.tgz",
      "integrity": "sha512-x1PjhhG1LdmuJe/9wekB4psRmDiLXxkOIamAmAJb7D8/jVpsgR4S1B6KkAnnyBinxbrHEPUH1U28kfUDFOpv8A==",
      "requires": {
        "@aws-cdk/aws-certificatemanager": "1.59.0",
        "@aws-cdk/aws-iam": "1.59.0",
        "@aws-cdk/aws-kms": "1.59.0",
        "@aws-cdk/aws-lambda": "1.59.0",
        "@aws-cdk/aws-s3": "1.59.0",
        "@aws-cdk/core": "1.59.0",
        "constructs": "^3.0.2"
      }
    },
    "@aws-cdk/aws-cloudwatch": {
      "version": "1.59.0",
      "resolved": "https://registry.npmjs.org/@aws-cdk/aws-cloudwatch/-/aws-cloudwatch-1.59.0.tgz",
      "integrity": "sha512-dNy8lj7nlZw4EJGIXbruVlmrunD+isici+H6w+Y7Tsb43WYtK3MqBchcMZ0nFZly1DBd+J4O2a4ZsaqJQX3SSA==",
      "requires": {
        "@aws-cdk/aws-iam": "1.59.0",
        "@aws-cdk/core": "1.59.0",
        "constructs": "^3.0.2"
      }
    },
    "@aws-cdk/aws-codeguruprofiler": {
      "version": "1.59.0",
      "resolved": "https://registry.npmjs.org/@aws-cdk/aws-codeguruprofiler/-/aws-codeguruprofiler-1.59.0.tgz",
      "integrity": "sha512-fiiLKmjekVlIDbo5Qcxj9v2EQPus/FfBOH0r4biOJlBsjTtJQD/f5ufizy8tF1NCAIeP8oTrrRZ9OkI4owyQyg==",
      "requires": {
        "@aws-cdk/aws-iam": "1.59.0",
        "@aws-cdk/core": "1.59.0"
      }
    },
    "@aws-cdk/aws-ec2": {
      "version": "1.59.0",
      "resolved": "https://registry.npmjs.org/@aws-cdk/aws-ec2/-/aws-ec2-1.59.0.tgz",
      "integrity": "sha512-+jeY3Ju4QyJ60oroLSzWd9UNvJ3wBINwpVi8xKmAoxnkoKazIP9TUQO+e10t8fay7nZ4aZyceO0LauOIiqIipg==",
      "requires": {
        "@aws-cdk/aws-cloudwatch": "1.59.0",
        "@aws-cdk/aws-iam": "1.59.0",
        "@aws-cdk/aws-kms": "1.59.0",
        "@aws-cdk/aws-logs": "1.59.0",
        "@aws-cdk/aws-s3": "1.59.0",
        "@aws-cdk/aws-s3-assets": "1.59.0",
        "@aws-cdk/aws-ssm": "1.59.0",
        "@aws-cdk/cloud-assembly-schema": "1.59.0",
        "@aws-cdk/core": "1.59.0",
        "@aws-cdk/cx-api": "1.59.0",
        "@aws-cdk/region-info": "1.59.0",
        "constructs": "^3.0.2"
      }
    },
    "@aws-cdk/aws-efs": {
      "version": "1.59.0",
      "resolved": "https://registry.npmjs.org/@aws-cdk/aws-efs/-/aws-efs-1.59.0.tgz",
      "integrity": "sha512-Z09Sz0bMJcQY8hjl1BHzmSoLBAcfDqtv1KDjyjsLIzcMcJHGJ4eOJPY5BLmrKOtQ7EuH1BoiT58qp0YIwhvtTQ==",
      "requires": {
        "@aws-cdk/aws-ec2": "1.59.0",
        "@aws-cdk/aws-kms": "1.59.0",
        "@aws-cdk/cloud-assembly-schema": "1.59.0",
        "@aws-cdk/core": "1.59.0",
        "@aws-cdk/cx-api": "1.59.0",
        "constructs": "^3.0.2"
      }
    },
    "@aws-cdk/aws-elasticloadbalancingv2": {
      "version": "1.59.0",
      "resolved": "https://registry.npmjs.org/@aws-cdk/aws-elasticloadbalancingv2/-/aws-elasticloadbalancingv2-1.59.0.tgz",
      "integrity": "sha512-a5hgfXVUFIZXn3YCRAJFVvP8/eRbMEDjL07W01DP3+pBZePwdvaiJ6oh7trs666ThTAlgxkEqtrtqLMluNLaig==",
      "requires": {
        "@aws-cdk/aws-certificatemanager": "1.59.0",
        "@aws-cdk/aws-cloudwatch": "1.59.0",
        "@aws-cdk/aws-ec2": "1.59.0",
        "@aws-cdk/aws-iam": "1.59.0",
        "@aws-cdk/aws-lambda": "1.59.0",
        "@aws-cdk/aws-s3": "1.59.0",
        "@aws-cdk/core": "1.59.0",
        "@aws-cdk/region-info": "1.59.0",
        "constructs": "^3.0.2"
      }
    },
    "@aws-cdk/aws-events": {
      "version": "1.59.0",
      "resolved": "https://registry.npmjs.org/@aws-cdk/aws-events/-/aws-events-1.59.0.tgz",
      "integrity": "sha512-WEgJgwcziiab1uIe2Ag7UODJPKnb/FkwyaLnm8IFBb/4Y6XL6tajmq+MKSmHARzUWnKZbAl3gV/Lioh+VM2udg==",
      "requires": {
        "@aws-cdk/aws-iam": "1.59.0",
        "@aws-cdk/core": "1.59.0",
        "constructs": "^3.0.2"
      }
    },
    "@aws-cdk/aws-iam": {
      "version": "1.59.0",
      "resolved": "https://registry.npmjs.org/@aws-cdk/aws-iam/-/aws-iam-1.59.0.tgz",
      "integrity": "sha512-CpUX0k6ynHuWIQsdOfp7a6wJYwwfpbP144mfJfNj0yPiCO6k2vHsup1zfTC6m6vn44cNrUTwnQ0t1r+iWdvzdw==",
      "requires": {
        "@aws-cdk/core": "1.59.0",
        "@aws-cdk/region-info": "1.59.0",
        "constructs": "^3.0.2"
      }
    },
    "@aws-cdk/aws-kms": {
      "version": "1.59.0",
      "resolved": "https://registry.npmjs.org/@aws-cdk/aws-kms/-/aws-kms-1.59.0.tgz",
      "integrity": "sha512-5qUc1DShsJ1AjZnkC0aRpmp9bgwwFO8/WOaXefhGN+VR3TFfwt8Ad9anG2zakXMw5DmYhhvdnj+9uu5M06XVJw==",
      "requires": {
        "@aws-cdk/aws-iam": "1.59.0",
        "@aws-cdk/core": "1.59.0",
        "constructs": "^3.0.2"
      }
    },
    "@aws-cdk/aws-lambda": {
      "version": "1.59.0",
      "resolved": "https://registry.npmjs.org/@aws-cdk/aws-lambda/-/aws-lambda-1.59.0.tgz",
      "integrity": "sha512-f2uq/9S/xcHSYQG19jYD75ac/puRfoQ9yYWyRIhmkx4NXD2r9NF1WGYRMNVO+zVpGqt7/yJlAwz3wTvFfGijAA==",
      "requires": {
        "@aws-cdk/aws-applicationautoscaling": "1.59.0",
        "@aws-cdk/aws-cloudwatch": "1.59.0",
        "@aws-cdk/aws-codeguruprofiler": "1.59.0",
        "@aws-cdk/aws-ec2": "1.59.0",
        "@aws-cdk/aws-efs": "1.59.0",
        "@aws-cdk/aws-events": "1.59.0",
        "@aws-cdk/aws-iam": "1.59.0",
        "@aws-cdk/aws-logs": "1.59.0",
        "@aws-cdk/aws-s3": "1.59.0",
        "@aws-cdk/aws-s3-assets": "1.59.0",
        "@aws-cdk/aws-sqs": "1.59.0",
        "@aws-cdk/core": "1.59.0",
        "@aws-cdk/cx-api": "1.59.0",
        "constructs": "^3.0.2"
      }
    },
    "@aws-cdk/aws-logs": {
      "version": "1.59.0",
      "resolved": "https://registry.npmjs.org/@aws-cdk/aws-logs/-/aws-logs-1.59.0.tgz",
      "integrity": "sha512-dpMx7W8KBa2MRd3Km+o+SNvUp600hS1XikvEtKTP/Z2rlWlx023u03qJ6WTcv2E1rZpoEq0V7PELzvBiaWzvmQ==",
      "requires": {
        "@aws-cdk/aws-cloudwatch": "1.59.0",
        "@aws-cdk/aws-iam": "1.59.0",
        "@aws-cdk/core": "1.59.0",
        "constructs": "^3.0.2"
      }
    },
    "@aws-cdk/aws-route53": {
      "version": "1.59.0",
      "resolved": "https://registry.npmjs.org/@aws-cdk/aws-route53/-/aws-route53-1.59.0.tgz",
      "integrity": "sha512-NrnZ+CndRBqkGuW9mdxv8AVeT+cxkZQg1J0VcB1slgyR8tFca75EUQmcXhWu/4fLyrrU/5KUeKM4IMYxzMe7tw==",
      "requires": {
        "@aws-cdk/aws-ec2": "1.59.0",
        "@aws-cdk/aws-logs": "1.59.0",
        "@aws-cdk/cloud-assembly-schema": "1.59.0",
        "@aws-cdk/core": "1.59.0",
        "constructs": "^3.0.2"
      }
    },
    "@aws-cdk/aws-s3": {
      "version": "1.59.0",
      "resolved": "https://registry.npmjs.org/@aws-cdk/aws-s3/-/aws-s3-1.59.0.tgz",
      "integrity": "sha512-hdxCBvxVqhzrJ7q6zPV3M6Xcvx0FOrZfIq/608ZnV9uASMUqoWoyssKC8BPxLuQmJg9lMHNOTvz4JEo/tmcINQ==",
      "requires": {
        "@aws-cdk/aws-events": "1.59.0",
        "@aws-cdk/aws-iam": "1.59.0",
        "@aws-cdk/aws-kms": "1.59.0",
        "@aws-cdk/core": "1.59.0",
        "constructs": "^3.0.2"
      }
    },
    "@aws-cdk/aws-s3-assets": {
      "version": "1.59.0",
      "resolved": "https://registry.npmjs.org/@aws-cdk/aws-s3-assets/-/aws-s3-assets-1.59.0.tgz",
      "integrity": "sha512-rkmLi9vXLgYUuPy4a1pnBXxVdDP0KklFmT8zkVhy2jb0ZOPHdQAWNskyU03O6hEfWHTAdjNA+f8OlrfOxYXZ+g==",
      "requires": {
        "@aws-cdk/assets": "1.59.0",
        "@aws-cdk/aws-iam": "1.59.0",
        "@aws-cdk/aws-kms": "1.59.0",
        "@aws-cdk/aws-s3": "1.59.0",
        "@aws-cdk/core": "1.59.0",
        "@aws-cdk/cx-api": "1.59.0",
        "constructs": "^3.0.2"
      }
    },
    "@aws-cdk/aws-s3-deployment": {
      "version": "1.59.0",
      "resolved": "https://registry.npmjs.org/@aws-cdk/aws-s3-deployment/-/aws-s3-deployment-1.59.0.tgz",
      "integrity": "sha512-5RldAJowkkNp0r22KjUe+621N+c7WiuJkLJDsreOfQSkF3GTBgidBKeKchqHh98CJINIE7e8QsQFcfE4EIb+Ag==",
      "requires": {
        "@aws-cdk/aws-cloudfront": "1.59.0",
        "@aws-cdk/aws-iam": "1.59.0",
        "@aws-cdk/aws-lambda": "1.59.0",
        "@aws-cdk/aws-s3": "1.59.0",
        "@aws-cdk/aws-s3-assets": "1.59.0",
        "@aws-cdk/core": "1.59.0",
        "constructs": "^3.0.2"
      }
    },
    "@aws-cdk/aws-sqs": {
      "version": "1.59.0",
      "resolved": "https://registry.npmjs.org/@aws-cdk/aws-sqs/-/aws-sqs-1.59.0.tgz",
      "integrity": "sha512-8eT1CxxvE2EUqAADiBGmPi4WCJndjrcPAUlc+LODa5qFV4wdANKdZyfYDJ9an4yzJObPe6IdtigLvn3jI7Hxfg==",
      "requires": {
        "@aws-cdk/aws-cloudwatch": "1.59.0",
        "@aws-cdk/aws-iam": "1.59.0",
        "@aws-cdk/aws-kms": "1.59.0",
        "@aws-cdk/core": "1.59.0",
        "constructs": "^3.0.2"
      }
    },
    "@aws-cdk/aws-ssm": {
      "version": "1.59.0",
      "resolved": "https://registry.npmjs.org/@aws-cdk/aws-ssm/-/aws-ssm-1.59.0.tgz",
      "integrity": "sha512-oGHTXoRqG5nuCgcjsA1tq/Z5snCUXXWU1vBioL/8selhukV4HEMm5O03FJiPAEQ31U196PkrRqludG8JJMv8pA==",
      "requires": {
        "@aws-cdk/aws-iam": "1.59.0",
        "@aws-cdk/aws-kms": "1.59.0",
        "@aws-cdk/cloud-assembly-schema": "1.59.0",
        "@aws-cdk/core": "1.59.0",
        "constructs": "^3.0.2"
      }
    },
    "@aws-cdk/cloud-assembly-schema": {
      "version": "1.59.0",
      "resolved": "https://registry.npmjs.org/@aws-cdk/cloud-assembly-schema/-/cloud-assembly-schema-1.59.0.tgz",
      "integrity": "sha512-RG3jWYmDeqB66U4U+vOoQGjib0wjBwMew3aMElWItcNV8uOfZTPIUUQYItr6/Z78lmyi/qzVjtOWWWzVczEXfA==",
      "requires": {
        "jsonschema": "^1.2.5",
        "semver": "^7.2.2"
      },
      "dependencies": {
        "jsonschema": {
          "version": "1.2.6",
          "bundled": true
        },
        "semver": {
          "version": "7.3.2",
          "bundled": true
        }
      }
    },
    "@aws-cdk/core": {
      "version": "1.59.0",
      "resolved": "https://registry.npmjs.org/@aws-cdk/core/-/core-1.59.0.tgz",
      "integrity": "sha512-BULP1wGAFBbYUk3CNWW39wX3ZVtA/hS5XxfOU0upo7rNOTk2QqgS8JW4YdAJFNQ0Nd5GrUYSeNfXhM92qFfnkA==",
      "requires": {
        "@aws-cdk/cloud-assembly-schema": "1.59.0",
        "@aws-cdk/cx-api": "1.59.0",
        "constructs": "^3.0.2",
        "fs-extra": "^9.0.1",
        "minimatch": "^3.0.4"
      },
      "dependencies": {
        "at-least-node": {
          "version": "1.0.0",
          "bundled": true
        },
        "balanced-match": {
          "version": "1.0.0",
          "bundled": true
        },
        "brace-expansion": {
          "version": "1.1.11",
          "bundled": true,
          "requires": {
            "balanced-match": "^1.0.0",
            "concat-map": "0.0.1"
          }
        },
        "concat-map": {
          "version": "0.0.1",
          "bundled": true
        },
        "fs-extra": {
          "version": "9.0.1",
          "bundled": true,
          "requires": {
            "at-least-node": "^1.0.0",
            "graceful-fs": "^4.2.0",
            "jsonfile": "^6.0.1",
            "universalify": "^1.0.0"
          }
        },
        "graceful-fs": {
          "version": "4.2.3",
          "bundled": true
        },
        "jsonfile": {
          "version": "6.0.1",
          "bundled": true,
          "requires": {
            "graceful-fs": "^4.1.6",
            "universalify": "^1.0.0"
          }
        },
        "minimatch": {
          "version": "3.0.4",
          "bundled": true,
          "requires": {
            "brace-expansion": "^1.1.7"
          }
        },
        "universalify": {
          "version": "1.0.0",
          "bundled": true
        }
      }
    },
    "@aws-cdk/cx-api": {
      "version": "1.59.0",
      "resolved": "https://registry.npmjs.org/@aws-cdk/cx-api/-/cx-api-1.59.0.tgz",
      "integrity": "sha512-3FHhwiZGR4dus7SrJ04IQ8nb5zVidX2j5Ahs75oCz9vyNze4/qLbVJBe/0KHBgHwfKrQ3b05J8ytxgZXeezFKw==",
      "requires": {
        "@aws-cdk/cloud-assembly-schema": "1.59.0",
        "semver": "^7.2.2"
      },
      "dependencies": {
        "semver": {
          "version": "7.3.2",
          "bundled": true
        }
      }
    },
    "@aws-cdk/region-info": {
      "version": "1.59.0",
      "resolved": "https://registry.npmjs.org/@aws-cdk/region-info/-/region-info-1.59.0.tgz",
      "integrity": "sha512-RNvLd670L8oXiOKO7QBoenJN8uIKJ54g5YTLlcDve6H1M0g7+IhmY2FNnDlJXnAU3yTNXUQo+ZflbvrYs7L4GQ=="
    },
    "@types/node": {
      "version": "10.17.5",
      "resolved": "https://registry.npmjs.org/@types/node/-/node-10.17.5.tgz",
      "integrity": "sha512-RElZIr/7JreF1eY6oD5RF3kpmdcreuQPjg5ri4oQ5g9sq7YWU8HkfB3eH8GwAwxf5OaCh0VPi7r4N/yoTGelrA==",
      "dev": true
    },
    "arg": {
      "version": "4.1.3",
      "resolved": "https://registry.npmjs.org/arg/-/arg-4.1.3.tgz",
      "integrity": "sha512-58S9QDqG0Xx27YwPSt9fJxivjYl432YCwfDMfZ+71RAqUrZef7LrKQZ3LHLOwCS4FLNBplP533Zx895SeOCHvA==",
      "dev": true
    },
    "buffer-from": {
      "version": "1.1.1",
      "resolved": "https://registry.npmjs.org/buffer-from/-/buffer-from-1.1.1.tgz",
      "integrity": "sha512-MQcXEUbCKtEo7bhqEs6560Hyd4XaovZlO/k9V3hjVUF/zwW7KBVdSK4gIt/bzwS9MbR5qob+F5jusZsb0YQK2A==",
      "dev": true
    },
    "constructs": {
      "version": "3.0.4",
      "resolved": "https://registry.npmjs.org/constructs/-/constructs-3.0.4.tgz",
      "integrity": "sha512-CDvg7gMjphE3DFX4pzkF6j73NREbR8npPFW8Mx/CLRnMR035+Y1o1HrXIsNSss/dq3ZUnNTU9jKyd3fL9EOlfw=="
    },
    "diff": {
      "version": "4.0.2",
      "resolved": "https://registry.npmjs.org/diff/-/diff-4.0.2.tgz",
      "integrity": "sha512-58lmxKSA4BNyLz+HHMUzlOEpg09FV+ev6ZMe3vJihgdxzgcwZ8VoEEPmALCZG9LmqfVoNMMKpttIYTVG6uDY7A==",
      "dev": true
    },
    "make-error": {
      "version": "1.3.6",
      "resolved": "https://registry.npmjs.org/make-error/-/make-error-1.3.6.tgz",
      "integrity": "sha512-s8UhlNe7vPKomQhC1qFelMokr/Sc3AgNbso3n74mVPA5LTZwkB9NlXf4XPamLxJE8h0gh73rM94xvwRT2CVInw==",
      "dev": true
    },
    "source-map": {
      "version": "0.6.1",
      "resolved": "https://registry.npmjs.org/source-map/-/source-map-0.6.1.tgz",
      "integrity": "sha512-UjgapumWlbMhkBgzT7Ykc5YXUT46F0iKu8SGXq0bcwP5dz/h0Plj6enJqjz1Zbq2l5WaqYnrVbwWOWMyF3F47g==",
      "dev": true
    },
    "source-map-support": {
      "version": "0.5.19",
      "resolved": "https://registry.npmjs.org/source-map-support/-/source-map-support-0.5.19.tgz",
      "integrity": "sha512-Wonm7zOCIJzBGQdB+thsPar0kYuCIzYvxZwlBa87yi/Mdjv7Tip2cyVbLj5o0cFPN4EVkuTwb3GDDyUx2DGnGw==",
      "dev": true,
      "requires": {
        "buffer-from": "^1.0.0",
        "source-map": "^0.6.0"
      }
    },
    "ts-node": {
      "version": "8.10.2",
      "resolved": "https://registry.npmjs.org/ts-node/-/ts-node-8.10.2.tgz",
      "integrity": "sha512-ISJJGgkIpDdBhWVu3jufsWpK3Rzo7bdiIXJjQc0ynKxVOVcg2oIrf2H2cejminGrptVc6q6/uynAHNCuWGbpVA==",
      "dev": true,
      "requires": {
        "arg": "^4.1.0",
        "diff": "^4.0.1",
        "make-error": "^1.1.1",
        "source-map-support": "^0.5.17",
        "yn": "3.1.1"
      }
    },
    "typescript": {
      "version": "3.7.5",
      "resolved": "https://registry.npmjs.org/typescript/-/typescript-3.7.5.tgz",
      "integrity": "sha512-/P5lkRXkWHNAbcJIiHPfRoKqyd7bsyCma1hZNUGfn20qm64T6ZBlrzprymeu918H+mB/0rIg2gGK/BXkhhYgBw==",
      "dev": true
    },
    "yn": {
      "version": "3.1.1",
      "resolved": "https://registry.npmjs.org/yn/-/yn-3.1.1.tgz",
      "integrity": "sha512-Ux4ygGWsu2c7isFWe8Yu1YluJmqVhxqK2cLXNQA5AcC3QfbGNpM7fu0Y8b/z16pXLnFxZYvWhd3fhBY9DLmC6Q==",
      "dev": true
    }
  }
}
